
Microsoft Visual Studio Solution File, Format Version 12.00
# Visual Studio Version 17
VisualStudioVersion = 17.0.31903.59
MinimumVisualStudioVersion = 10.0.40219.1
Project("{2150E333-8FDC-42A3-9474-1A3956D46DE8}") = "src", "src", "{827E0CD3-B72D-47B6-A68D-7590B98EB39B}"
EndProject
Project("{FAE04EC0-301F-11D3-BF4B-00C04F79EFBC}") = "CopilotSessionManager", "src\CopilotSessionManager\CopilotSessionManager.csproj", "{6C412C12-54CA-48BA-A474-B0E49EA70ECF}"
EndProject
Project("{FAE04EC0-301F-11D3-BF4B-00C04F79EFBC}") = "CopilotSessionManager.Core", "src\CopilotSessionManager.Core\CopilotSessionManager.Core.csproj", "{3539B4C3-B0B1-4D60-AAEB-414E94E673F5}"
EndProject
Project("{FAE04EC0-301F-11D3-BF4B-00C04F79EFBC}") = "CopilotSessionManager.Native", "src\CopilotSessionManager.Native\CopilotSessionManager.Native.csproj", "{5EFC5618-8D8B-444F-8739-CB4D01148B85}"
EndProject
Project("{2150E333-8FDC-42A3-9474-1A3956D46DE8}") = "tests", "tests", "{0AB3BF05-4346-4AA6-1389-037BE0695223}"
EndProject
Project("{FAE04EC0-301F-11D3-BF4B-00C04F79EFBC}") = "CopilotSessionManager.Core.Tests", "tests\CopilotSessionManager.Core.Tests\CopilotSessionManager.Core.Tests.csproj", "{E67FBE56-702A-4B44-A824-1E37E7C5FF4A}"
EndProject
Project("{FAE04EC0-301F-11D3-BF4B-00C04F79EFBC}") = "CopilotSessionManager.Native.Tests", "tests\CopilotSessionManager.Native.Tests\CopilotSessionManager.Native.Tests.csproj", "{A15A78A8-2314-42E5-A3A8-E5A6DA99A71A}"
EndProject
Project("{FAE04EC0-301F-11D3-BF4B-00C04F79EFBC}") = "CopilotSessionManager.Tests", "tests\CopilotSessionManager.Tests\CopilotSessionManager.Tests.csproj", "{E4D4CDC6-80B4-4CB5-A880-282E28613A78}"
EndProject
Project("{FAE04EC0-301F-11D3-BF4B-00C04F79EFBC}") = "CopilotSessionManager.Terminal", "src\CopilotSessionManager.Terminal\CopilotSessionManager.Terminal.csproj", "{E32CB6FA-3ABF-427F-A533-8DE1DEE6FA5E}"
EndProject
Project("{FAE04EC0-301F-11D3-BF4B-00C04F79EFBC}") = "CopilotSessionManager.Terminal.Tests", "tests\CopilotSessionManager.Terminal.Tests\CopilotSessionManager.Terminal.Tests.csproj", "{FEAFAAEC-7380-4E45-B68A-F2C2C1E3CF69}"
EndProject
Project("{2150E333-8FDC-42A3-9474-1A3956D46DE8}") = "tools", "tools", "{07C2787E-EAC7-C090-1BA3-A61EC2A24D84}"
EndProject
Project("{FAE04EC0-301F-11D3-BF4B-00C04F79EFBC}") = "CapturePtyTrace", "tools\CapturePtyTrace\CapturePtyTrace.csproj", "{5BA4F507-91FB-4BE1-BCF9-32C50E1006A3}"
EndProject
Project("{FAE04EC0-301F-11D3-BF4B-00C04F79EFBC}") = "CapturePtyTrace.Tests", "tests\CapturePtyTrace.Tests\CapturePtyTrace.Tests.csproj", "{503C2835-F1B6-4B1E-B958-98E3D1839055}"
EndProject
Global
	GlobalSection(SolutionConfigurationPlatforms) = preSolution
		Debug|Any CPU = Debug|Any CPU
		Debug|x64 = Debug|x64
		Debug|x86 = Debug|x86
		Release|Any CPU = Release|Any CPU
		Release|x64 = Release|x64
		Release|x86 = Release|x86
	EndGlobalSection
	GlobalSection(ProjectConfigurationPlatforms) = postSolution
		{6C412C12-54CA-48BA-A474-B0E49EA70ECF}.Debug|Any CPU.ActiveCfg = Debug|Any CPU
		{6C412C12-54CA-48BA-A474-B0E49EA70ECF}.Debug|Any CPU.Build.0 = Debug|Any CPU
		{6C412C12-54CA-48BA-A474-B0E49EA70ECF}.Debug|x64.ActiveCfg = Debug|Any CPU
		{6C412C12-54CA-48BA-A474-B0E49EA70ECF}.Debug|x64.Build.0 = Debug|Any CPU
		{6C412C12-54CA-48BA-A474-B0E49EA70ECF}.Debug|x86.ActiveCfg = Debug|Any CPU
		{6C412C12-54CA-48BA-A474-B0E49EA70ECF}.Debug|x86.Build.0 = Debug|Any CPU
		{6C412C12-54CA-48BA-A474-B0E49EA70ECF}.Release|Any CPU.ActiveCfg = Release|Any CPU
		{6C412C12-54CA-48BA-A474-B0E49EA70ECF}.Release|Any CPU.Build.0 = Release|Any CPU
		{6C412C12-54CA-48BA-A474-B0E49EA70ECF}.Release|x64.ActiveCfg = Release|Any CPU
		{6C412C12-54CA-48BA-A474-B0E49EA70ECF}.Release|x64.Build.0 = Release|Any CPU
		{6C412C12-54CA-48BA-A474-B0E49EA70ECF}.Release|x86.ActiveCfg = Release|Any CPU
		{6C412C12-54CA-48BA-A474-B0E49EA70ECF}.Release|x86.Build.0 = Release|Any CPU
		{3539B4C3-B0B1-4D60-AAEB-414E94E673F5}.Debug|Any CPU.ActiveCfg = Debug|Any CPU
		{3539B4C3-B0B1-4D60-AAEB-414E94E673F5}.Debug|Any CPU.Build.0 = Debug|Any CPU
		{3539B4C3-B0B1-4D60-AAEB-414E94E673F5}.Debug|x64.ActiveCfg = Debug|Any CPU
		{3539B4C3-B0B1-4D60-AAEB-414E94E673F5}.Debug|x64.Build.0 = Debug|Any CPU
		{3539B4C3-B0B1-4D60-AAEB-414E94E673F5}.Debug|x86.ActiveCfg = Debug|Any CPU
		{3539B4C3-B0B1-4D60-AAEB-414E94E673F5}.Debug|x86.Build.0 = Debug|Any CPU
		{3539B4C3-B0B1-4D60-AAEB-414E94E673F5}.Release|Any CPU.ActiveCfg = Release|Any CPU
		{3539B4C3-B0B1-4D60-AAEB-414E94E673F5}.Release|Any CPU.Build.0 = Release|Any CPU
		{3539B4C3-B0B1-4D60-AAEB-414E94E673F5}.Release|x64.ActiveCfg = Release|Any CPU
		{3539B4C3-B0B1-4D60-AAEB-414E94E673F5}.Release|x64.Build.0 = Release|Any CPU
		{3539B4C3-B0B1-4D60-AAEB-414E94E673F5}.Release|x86.ActiveCfg = Release|Any CPU
		{3539B4C3-B0B1-4D60-AAEB-414E94E673F5}.Release|x86.Build.0 = Release|Any CPU
		{5EFC5618-8D8B-444F-8739-CB4D01148B85}.Debug|Any CPU.ActiveCfg = Debug|Any CPU
		{5EFC5618-8D8B-444F-8739-CB4D01148B85}.Debug|Any CPU.Build.0 = Debug|Any CPU
		{5EFC5618-8D8B-444F-8739-CB4D01148B85}.Debug|x64.ActiveCfg = Debug|Any CPU
		{5EFC5618-8D8B-444F-8739-CB4D01148B85}.Debug|x64.Build.0 = Debug|Any CPU
		{5EFC5618-8D8B-444F-8739-CB4D01148B85}.Debug|x86.ActiveCfg = Debug|Any CPU
		{5EFC5618-8D8B-444F-8739-CB4D01148B85}.Debug|x86.Build.0 = Debug|Any CPU
		{5EFC5618-8D8B-444F-8739-CB4D01148B85}.Release|Any CPU.ActiveCfg = Release|Any CPU
		{5EFC5618-8D8B-444F-8739-CB4D01148B85}.Release|Any CPU.Build.0 = Release|Any CPU
		{5EFC5618-8D8B-444F-8739-CB4D01148B85}.Release|x64.ActiveCfg = Release|Any CPU
		{5EFC5618-8D8B-444F-8739-CB4D01148B85}.Release|x64.Build.0 = Release|Any CPU
		{5EFC5618-8D8B-444F-8739-CB4D01148B85}.Release|x86.ActiveCfg = Release|Any CPU
		{5EFC5618-8D8B-444F-8739-CB4D01148B85}.Release|x86.Build.0 = Release|Any CPU
		{E67FBE56-702A-4B44-A824-1E37E7C5FF4A}.Debug|Any CPU.ActiveCfg = Debug|Any CPU
		{E67FBE56-702A-4B44-A824-1E37E7C5FF4A}.Debug|Any CPU.Build.0 = Debug|Any CPU
		{E67FBE56-702A-4B44-A824-1E37E7C5FF4A}.Debug|x64.ActiveCfg = Debug|Any CPU
		{E67FBE56-702A-4B44-A824-1E37E7C5FF4A}.Debug|x64.Build.0 = Debug|Any CPU
		{E67FBE56-702A-4B44-A824-1E37E7C5FF4A}.Debug|x86.ActiveCfg = Debug|Any CPU
		{E67FBE56-702A-4B44-A824-1E37E7C5FF4A}.Debug|x86.Build.0 = Debug|Any CPU
		{E67FBE56-702A-4B44-A824-1E37E7C5FF4A}.Release|Any CPU.ActiveCfg = Release|Any CPU
		{E67FBE56-702A-4B44-A824-1E37E7C5FF4A}.Release|Any CPU.Build.0 = Release|Any CPU
		{E67FBE56-702A-4B44-A824-1E37E7C5FF4A}.Release|x64.ActiveCfg = Release|Any CPU
		{E67FBE56-702A-4B44-A824-1E37E7C5FF4A}.Release|x64.Build.0 = Release|Any CPU
		{E67FBE56-702A-4B44-A824-1E37E7C5FF4A}.Release|x86.ActiveCfg = Release|Any CPU
		{E67FBE56-702A-4B44-A824-1E37E7C5FF4A}.Release|x86.Build.0 = Release|Any CPU
		{A15A78A8-2314-42E5-A3A8-E5A6DA99A71A}.Debug|Any CPU.ActiveCfg = Debug|Any CPU
		{A15A78A8-2314-42E5-A3A8-E5A6DA99A71A}.Debug|Any CPU.Build.0 = Debug|Any CPU
		{A15A78A8-2314-42E5-A3A8-E5A6DA99A71A}.Debug|x64.ActiveCfg = Debug|Any CPU
		{A15A78A8-2314-42E5-A3A8-E5A6DA99A71A}.Debug|x64.Build.0 = Debug|Any CPU
		{A15A78A8-2314-42E5-A3A8-E5A6DA99A71A}.Debug|x86.ActiveCfg = Debug|Any CPU
		{A15A78A8-2314-42E5-A3A8-E5A6DA99A71A}.Debug|x86.Build.0 = Debug|Any CPU
		{A15A78A8-2314-42E5-A3A8-E5A6DA99A71A}.Release|Any CPU.ActiveCfg = Release|Any CPU
		{A15A78A8-2314-42E5-A3A8-E5A6DA99A71A}.Release|Any CPU.Build.0 = Release|Any CPU
		{A15A78A8-2314-42E5-A3A8-E5A6DA99A71A}.Release|x64.ActiveCfg = Release|Any CPU
		{A15A78A8-2314-42E5-A3A8-E5A6DA99A71A}.Release|x64.Build.0 = Release|Any CPU
		{A15A78A8-2314-42E5-A3A8-E5A6DA99A71A}.Release|x86.ActiveCfg = Release|Any CPU
		{A15A78A8-2314-42E5-A3A8-E5A6DA99A71A}.Release|x86.Build.0 = Release|Any CPU
		{E4D4CDC6-80B4-4CB5-A880-282E28613A78}.Debug|Any CPU.ActiveCfg = Debug|Any CPU
		{E4D4CDC6-80B4-4CB5-A880-282E28613A78}.Debug|Any CPU.Build.0 = Debug|Any CPU
		{E4D4CDC6-80B4-4CB5-A880-282E28613A78}.Debug|x64.ActiveCfg = Debug|Any CPU
		{E4D4CDC6-80B4-4CB5-A880-282E28613A78}.Debug|x64.Build.0 = Debug|Any CPU
		{E4D4CDC6-80B4-4CB5-A880-282E28613A78}.Debug|x86.ActiveCfg = Debug|Any CPU
		{E4D4CDC6-80B4-4CB5-A880-282E28613A78}.Debug|x86.Build.0 = Debug|Any CPU
		{E4D4CDC6-80B4-4CB5-A880-282E28613A78}.Release|Any CPU.ActiveCfg = Release|Any CPU
		{E4D4CDC6-80B4-4CB5-A880-282E28613A78}.Release|Any CPU.Build.0 = Release|Any CPU
		{E4D4CDC6-80B4-4CB5-A880-282E28613A78}.Release|x64.ActiveCfg = Release|Any CPU
		{E4D4CDC6-80B4-4CB5-A880-282E28613A78}.Release|x64.Build.0 = Release|Any CPU
		{E4D4CDC6-80B4-4CB5-A880-282E28613A78}.Release|x86.ActiveCfg = Release|Any CPU
		{E4D4CDC6-80B4-4CB5-A880-282E28613A78}.Release|x86.Build.0 = Release|Any CPU
		{E32CB6FA-3ABF-427F-A533-8DE1DEE6FA5E}.Debug|Any CPU.ActiveCfg = Debug|Any CPU
		{E32CB6FA-3ABF-427F-A533-8DE1DEE6FA5E}.Debug|Any CPU.Build.0 = Debug|Any CPU
		{E32CB6FA-3ABF-427F-A533-8DE1DEE6FA5E}.Debug|x64.ActiveCfg = Debug|Any CPU
		{E32CB6FA-3ABF-427F-A533-8DE1DEE6FA5E}.Debug|x64.Build.0 = Debug|Any CPU
		{E32CB6FA-3ABF-427F-A533-8DE1DEE6FA5E}.Debug|x86.ActiveCfg = Debug|Any CPU
		{E32CB6FA-3ABF-427F-A533-8DE1DEE6FA5E}.Debug|x86.Build.0 = Debug|Any CPU
		{E32CB6FA-3ABF-427F-A533-8DE1DEE6FA5E}.Release|Any CPU.ActiveCfg = Release|Any CPU
		{E32CB6FA-3ABF-427F-A533-8DE1DEE6FA5E}.Release|Any CPU.Build.0 = Release|Any CPU
		{E32CB6FA-3ABF-427F-A533-8DE1DEE6FA5E}.Release|x64.ActiveCfg = Release|Any CPU
		{E32CB6FA-3ABF-427F-A533-8DE1DEE6FA5E}.Release|x64.Build.0 = Release|Any CPU
		{E32CB6FA-3ABF-427F-A533-8DE1DEE6FA5E}.Release|x86.ActiveCfg = Release|Any CPU
		{E32CB6FA-3ABF-427F-A533-8DE1DEE6FA5E}.Release|x86.Build.0 = Release|Any CPU
		{FEAFAAEC-7380-4E45-B68A-F2C2C1E3CF69}.Debug|Any CPU.ActiveCfg = Debug|Any CPU
		{FEAFAAEC-7380-4E45-B68A-F2C2C1E3CF69}.Debug|Any CPU.Build.0 = Debug|Any CPU
		{FEAFAAEC-7380-4E45-B68A-F2C2C1E3CF69}.Debug|x64.ActiveCfg = Debug|Any CPU
		{FEAFAAEC-7380-4E45-B68A-F2C2C1E3CF69}.Debug|x64.Build.0 = Debug|Any CPU
		{FEAFAAEC-7380-4E45-B68A-F2C2C1E3CF69}.Debug|x86.ActiveCfg = Debug|Any CPU
		{FEAFAAEC-7380-4E45-B68A-F2C2C1E3CF69}.Debug|x86.Build.0 = Debug|Any CPU
		{FEAFAAEC-7380-4E45-B68A-F2C2C1E3CF69}.Release|Any CPU.ActiveCfg = Release|Any CPU
		{FEAFAAEC-7380-4E45-B68A-F2C2C1E3CF69}.Release|Any CPU.Build.0 = Release|Any CPU
		{FEAFAAEC-7380-4E45-B68A-F2C2C1E3CF69}.Release|x64.ActiveCfg = Release|Any CPU
		{FEAFAAEC-7380-4E45-B68A-F2C2C1E3CF69}.Release|x64.Build.0 = Release|Any CPU
		{FEAFAAEC-7380-4E45-B68A-F2C2C1E3CF69}.Release|x86.ActiveCfg = Release|Any CPU
		{FEAFAAEC-7380-4E45-B68A-F2C2C1E3CF69}.Release|x86.Build.0 = Release|Any CPU
		{5BA4F507-91FB-4BE1-BCF9-32C50E1006A3}.Debug|Any CPU.ActiveCfg = Debug|Any CPU
		{5BA4F507-91FB-4BE1-BCF9-32C50E1006A3}.Debug|Any CPU.Build.0 = Debug|Any CPU
		{5BA4F507-91FB-4BE1-BCF9-32C50E1006A3}.Debug|x64.ActiveCfg = Debug|Any CPU
		{5BA4F507-91FB-4BE1-BCF9-32C50E1006A3}.Debug|x64.Build.0 = Debug|Any CPU
		{5BA4F507-91FB-4BE1-BCF9-32C50E1006A3}.Debug|x86.ActiveCfg = Debug|Any CPU
		{5BA4F507-91FB-4BE1-BCF9-32C50E1006A3}.Debug|x86.Build.0 = Debug|Any CPU
		{5BA4F507-91FB-4BE1-BCF9-32C50E1006A3}.Release|Any CPU.ActiveCfg = Release|Any CPU
		{5BA4F507-91FB-4BE1-BCF9-32C50E1006A3}.Release|Any CPU.Build.0 = Release|Any CPU
		{5BA4F507-91FB-4BE1-BCF9-32C50E1006A3}.Release|x64.ActiveCfg = Release|Any CPU
		{5BA4F507-91FB-4BE1-BCF9-32C50E1006A3}.Release|x64.Build.0 = Release|Any CPU
		{5BA4F507-91FB-4BE1-BCF9-32C50E1006A3}.Release|x86.ActiveCfg = Release|Any CPU
		{5BA4F507-91FB-4BE1-BCF9-32C50E1006A3}.Release|x86.Build.0 = Release|Any CPU
		{503C2835-F1B6-4B1E-B958-98E3D1839055}.Debug|Any CPU.ActiveCfg = Debug|Any CPU
		{503C2835-F1B6-4B1E-B958-98E3D1839055}.Debug|Any CPU.Build.0 = Debug|Any CPU
		{503C2835-F1B6-4B1E-B958-98E3D1839055}.Debug|x64.ActiveCfg = Debug|Any CPU
		{503C2835-F1B6-4B1E-B958-98E3D1839055}.Debug|x64.Build.0 = Debug|Any CPU
		{503C2835-F1B6-4B1E-B958-98E3D1839055}.Debug|x86.ActiveCfg = Debug|Any CPU
		{503C2835-F1B6-4B1E-B958-98E3D1839055}.Debug|x86.Build.0 = Debug|Any CPU
		{503C2835-F1B6-4B1E-B958-98E3D1839055}.Release|Any CPU.ActiveCfg = Release|Any CPU
		{503C2835-F1B6-4B1E-B958-98E3D1839055}.Release|Any CPU.Build.0 = Release|Any CPU
		{503C2835-F1B6-4B1E-B958-98E3D1839055}.Release|x64.ActiveCfg = Release|Any CPU
		{503C2835-F1B6-4B1E-B958-98E3D1839055}.Release|x64.Build.0 = Release|Any CPU
		{503C2835-F1B6-4B1E-B958-98E3D1839055}.Release|x86.ActiveCfg = Release|Any CPU
		{503C2835-F1B6-4B1E-B958-98E3D1839055}.Release|x86.Build.0 = Release|Any CPU
	EndGlobalSection
	GlobalSection(SolutionProperties) = preSolution
		HideSolutionNode = FALSE
	EndGlobalSection
	GlobalSection(NestedProjects) = preSolution
		{6C412C12-54CA-48BA-A474-B0E49EA70ECF} = {827E0CD3-B72D-47B6-A68D-7590B98EB39B}
		{3539B4C3-B0B1-4D60-AAEB-414E94E673F5} = {827E0CD3-B72D-47B6-A68D-7590B98EB39B}
		{5EFC5618-8D8B-444F-8739-CB4D01148B85} = {827E0CD3-B72D-47B6-A68D-7590B98EB39B}
		{E67FBE56-702A-4B44-A824-1E37E7C5FF4A} = {0AB3BF05-4346-4AA6-1389-037BE0695223}
		{A15A78A8-2314-42E5-A3A8-E5A6DA99A71A} = {0AB3BF05-4346-4AA6-1389-037BE0695223}
		{E4D4CDC6-80B4-4CB5-A880-282E28613A78} = {0AB3BF05-4346-4AA6-1389-037BE0695223}
		{E32CB6FA-3ABF-427F-A533-8DE1DEE6FA5E} = {827E0CD3-B72D-47B6-A68D-7590B98EB39B}
		{FEAFAAEC-7380-4E45-B68A-F2C2C1E3CF69} = {0AB3BF05-4346-4AA6-1389-037BE0695223}
		{5BA4F507-91FB-4BE1-BCF9-32C50E1006A3} = {07C2787E-EAC7-C090-1BA3-A61EC2A24D84}
		{503C2835-F1B6-4B1E-B958-98E3D1839055} = {0AB3BF05-4346-4AA6-1389-037BE0695223}
	EndGlobalSection
EndGlobal
